
Microsoft Visual Studio Solution File, Format Version 12.00
# Visual Studio Version 17
VisualStudioVersion = 17.3.32901.215
MinimumVisualStudioVersion = 10.0.40219.1
Project("{FAE04EC0-301F-11D3-BF4B-00C04F79EFBC}") = "Ksiazka_01", "Ksiazka_01.csproj", "{218B45E3-E301-45C8-AC75-E228C3A7E4CB}"
EndProject
Global
	GlobalSection(SolutionConfigurationPlatforms) = preSolution
		Debug|Any CPU = Debug|Any CPU
		Release|Any CPU = Release|Any CPU
	EndGlobalSection
	GlobalSection(ProjectConfigurationPlatforms) = postSolution
		{218B45E3-E301-45C8-AC75-E228C3A7E4CB}.Debug|Any CPU.ActiveCfg = Debug|Any CPU
		{218B45E3-E301-45C8-AC75-E228C3A7E4CB}.Debug|Any CPU.Build.0 = Debug|Any CPU
		{218B45E3-E301-45C8-AC75-E228C3A7E4CB}.Release|Any CPU.ActiveCfg = Release|Any CPU
		{218B45E3-E301-45C8-AC75-E228C3A7E4CB}.Release|Any CPU.Build.0 = Release|Any CPU
	EndGlobalSection
	GlobalSection(SolutionProperties) = preSolution
		HideSolutionNode = FALSE
	EndGlobalSection
	GlobalSection(ExtensibilityGlobals) = postSolution
		SolutionGuid = {2864F439-137F-4D24-B6AF-1642A85A6769}
	EndGlobalSection
EndGlobal
