
Microsoft Visual Studio Solution File, Format Version 12.00
# Visual Studio Version 17
VisualStudioVersion = 17.11.35327.3
MinimumVisualStudioVersion = 10.0.40219.1
Project("{FAE04EC0-301F-11D3-BF4B-00C04F79EFBC}") = "ReaderWriterLockSlim", "ReaderWriterLockSlim\ReaderWriterLockSlim.csproj", "{B5C27D66-CD30-4B35-BD87-58C6D57B3DDA}"
EndProject
Project("{FAE04EC0-301F-11D3-BF4B-00C04F79EFBC}") = "SimpleLock", "SimpleLock\SimpleLock.csproj", "{3952EE33-D9D3-4065-BCF9-852E0450B490}"
EndProject
Global
	GlobalSection(SolutionConfigurationPlatforms) = preSolution
		Debug|Any CPU = Debug|Any CPU
		Release|Any CPU = Release|Any CPU
	EndGlobalSection
	GlobalSection(ProjectConfigurationPlatforms) = postSolution
		{B5C27D66-CD30-4B35-BD87-58C6D57B3DDA}.Debug|Any CPU.ActiveCfg = Debug|Any CPU
		{B5C27D66-CD30-4B35-BD87-58C6D57B3DDA}.Debug|Any CPU.Build.0 = Debug|Any CPU
		{B5C27D66-CD30-4B35-BD87-58C6D57B3DDA}.Release|Any CPU.ActiveCfg = Release|Any CPU
		{B5C27D66-CD30-4B35-BD87-58C6D57B3DDA}.Release|Any CPU.Build.0 = Release|Any CPU
		{3952EE33-D9D3-4065-BCF9-852E0450B490}.Debug|Any CPU.ActiveCfg = Debug|Any CPU
		{3952EE33-D9D3-4065-BCF9-852E0450B490}.Debug|Any CPU.Build.0 = Debug|Any CPU
		{3952EE33-D9D3-4065-BCF9-852E0450B490}.Release|Any CPU.ActiveCfg = Release|Any CPU
		{3952EE33-D9D3-4065-BCF9-852E0450B490}.Release|Any CPU.Build.0 = Release|Any CPU
	EndGlobalSection
	GlobalSection(SolutionProperties) = preSolution
		HideSolutionNode = FALSE
	EndGlobalSection
	GlobalSection(ExtensibilityGlobals) = postSolution
		SolutionGuid = {4234BCC6-ECF0-434B-92E1-D103A8E047D5}
	EndGlobalSection
EndGlobal
